// !$*UTF8*$!
{
	archiveVersion = 1;
	classes = {
	};
	objectVersion = 46;
	objects = {

/* Begin PBXBuildFile section */
		B4CDE7CE158EDF2F00B430E9 /* UIKit.framework in Frameworks */ = {isa = PBXBuildFile; fileRef = B4CDE7CD158EDF2F00B430E9 /* UIKit.framework */; };
		B4CDE7D0158EDF2F00B430E9 /* Foundation.framework in Frameworks */ = {isa = PBXBuildFile; fileRef = B4CDE7CF158EDF2F00B430E9 /* Foundation.framework */; };
		B4CDE7D2158EDF2F00B430E9 /* CoreGraphics.framework in Frameworks */ = {isa = PBXBuildFile; fileRef = B4CDE7D1158EDF2F00B430E9 /* CoreGraphics.framework */; };
		B4CDE7D8158EDF2F00B430E9 /* InfoPlist.strings in Resources */ = {isa = PBXBuildFile; fileRef = B4CDE7D6158EDF2F00B430E9 /* InfoPlist.strings */; };
		B4CDE7DA158EDF2F00B430E9 /* main.m in Sources */ = {isa = PBXBuildFile; fileRef = B4CDE7D9158EDF2F00B430E9 /* main.m */; };
		B4CDE7DE158EDF2F00B430E9 /* HelloWorldAppDelegate.m in Sources */ = {isa = PBXBuildFile; fileRef = B4CDE7DD158EDF2F00B430E9 /* HelloWorldAppDelegate.m */; };
		B4CDE7E1158EDF2F00B430E9 /* HelloWorldViewController.m in Sources */ = {isa = PBXBuildFile; fileRef = B4CDE7E0158EDF2F00B430E9 /* HelloWorldViewController.m */; };
		B4CDE7E4158EDF2F00B430E9 /* HelloWorldViewController.xib in Resources */ = {isa = PBXBuildFile; fileRef = B4CDE7E2158EDF2F00B430E9 /* HelloWorldViewController.xib */; };
/* End PBXBuildFile section */

/* Begin PBXFileReference section */
		B4CDE7C9158EDF2F00B430E9 /* HelloWorld.app */ = {isa = PBXFileReference; explicitFileType = wrapper.application; includeInIndex = 0; path = HelloWorld.app; sourceTree = BUILT_PRODUCTS_DIR; };
		B4CDE7CD158EDF2F00B430E9 /* UIKit.framework */ = {isa = PBXFileReference; lastKnownFileType = wrapper.framework; name = UIKit.framework; path = System/Library/Frameworks/UIKit.framework; sourceTree = SDKROOT; };
		B4CDE7CF158EDF2F00B430E9 /* Foundation.framework */ = {isa = PBXFileReference; lastKnownFileType = wrapper.framework; name = Foundation.framework; path = System/Library/Frameworks/Foundation.framework; sourceTree = SDKROOT; };
		B4CDE7D1158EDF2F00B430E9 /* CoreGraphics.framework */ = {isa = PBXFileReference; lastKnownFileType = wrapper.framework; name = CoreGraphics.framework; path = System/Library/Frameworks/CoreGraphics.framework; sourceTree = SDKROOT; };
		B4CDE7D5158EDF2F00B430E9 /* HelloWorld-Info.plist */ = {isa = PBXFileReference; lastKnownFileType = text.plist.xml; path = "HelloWorld-Info.plist"; sourceTree = "<group>"; };
		B4CDE7D7158EDF2F00B430E9 /* en */ = {isa = PBXFileReference; lastKnownFileType = text.plist.strings; name = en; path = en.lproj/InfoPlist.strings; sourceTree = "<group>"; };
		B4CDE7D9158EDF2F00B430E9 /* main.m */ = {isa = PBXFileReference; lastKnownFileType = sourcecode.c.objc; path = main.m; sourceTree = "<group>"; };
		B4CDE7DB158EDF2F00B430E9 /* HelloWorld-Prefix.pch */ = {isa = PBXFileReference; lastKnownFileType = sourcecode.c.h; path = "HelloWorld-Prefix.pch"; sourceTree = "<group>"; };
		B4CDE7DC158EDF2F00B430E9 /* HelloWorldAppDelegate.h */ = {isa = PBXFileReference; lastKnownFileType = sourcecode.c.h; path = HelloWorldAppDelegate.h; sourceTree = "<group>"; };
		B4CDE7DD158EDF2F00B430E9 /* HelloWorldAppDelegate.m */ = {isa = PBXFileReference; lastKnownFileType = sourcecode.c.objc; path = HelloWorldAppDelegate.m; sourceTree = "<group>"; };
		B4CDE7DF158EDF2F00B430E9 /* HelloWorldViewController.h */ = {isa = PBXFileReference; lastKnownFileType = sourcecode.c.h; path = HelloWorldViewController.h; sourceTree = "<group>"; };
		B4CDE7E0158EDF2F00B430E9 /* HelloWorldViewController.m */ = {isa = PBXFileReference; lastKnownFileType = sourcecode.c.objc; path = HelloWorldViewController.m; sourceTree = "<group>"; };
		B4CDE7E3158EDF2F00B430E9 /* en */ = {isa = PBXFileReference; lastKnownFileType = file.xib; name = en; path = en.lproj/HelloWorldViewController.xib; sourceTree = "<group>"; };
/* End PBXFileReference section */

/* Begin PBXFrameworksBuildPhase section */
		B4CDE7C6158EDF2F00B430E9 /* Frameworks */ = {
			isa = PBXFrameworksBuildPhase;
			buildActionMask = 2147483647;
			files = (
				B4CDE7CE158EDF2F00B430E9 /* UIKit.framework in Frameworks */,
				B4CDE7D0158EDF2F00B430E9 /* Foundation.framework in Frameworks */,
				B4CDE7D2158EDF2F00B430E9 /* CoreGraphics.framework in Frameworks */,
			);
			runOnlyForDeploymentPostprocessing = 0;
		};
/* End PBXFrameworksBuildPhase section */

/* Begin PBXGroup section */
		B4CDE7BE158EDF2F00B430E9 = {
			isa = PBXGroup;
			children = (
				B4CDE7D3158EDF2F00B430E9 /* HelloWorld */,
				B4CDE7CC158EDF2F00B430E9 /* Frameworks */,
				B4CDE7CA158EDF2F00B430E9 /* Products */,
			);
			sourceTree = "<group>";
		};
		B4CDE7CA158EDF2F00B430E9 /* Products */ = {
			isa = PBXGroup;
			children = (
				B4CDE7C9158EDF2F00B430E9 /* HelloWorld.app */,
			);
			name = Products;
			sourceTree = "<group>";
		};
		B4CDE7CC158EDF2F00B430E9 /* Frameworks */ = {
			isa = PBXGroup;
			children = (
				B4CDE7CD158EDF2F00B430E9 /* UIKit.framework */,
				B4CDE7CF158EDF2F00B430E9 /* Foundation.framework */,
				B4CDE7D1158EDF2F00B430E9 /* CoreGraphics.framework */,
			);
			name = Frameworks;
			sourceTree = "<group>";
		};
		B4CDE7D3158EDF2F00B430E9 /* HelloWorld */ = {
			isa = PBXGroup;
			children = (
				B4CDE7DC158EDF2F00B430E9 /* HelloWorldAppDelegate.h */,
				B4CDE7DD158EDF2F00B430E9 /* HelloWorldAppDelegate.m */,
				B4CDE7DF158EDF2F00B430E9 /* HelloWorldViewController.h */,
				B4CDE7E0158EDF2F00B430E9 /* HelloWorldViewController.m */,
				B4CDE7E2158EDF2F00B430E9 /* HelloWorldViewController.xib */,
				B4CDE7D4158EDF2F00B430E9 /* Supporting Files */,
			);
			path = HelloWorld;
			sourceTree = "<group>";
		};
		B4CDE7D4158EDF2F00B430E9 /* Supporting Files */ = {
			isa = PBXGroup;
			children = (
				B4CDE7D5158EDF2F00B430E9 /* HelloWorld-Info.plist */,
				B4CDE7D6158EDF2F00B430E9 /* InfoPlist.strings */,
				B4CDE7D9158EDF2F00B430E9 /* main.m */,
				B4CDE7DB158EDF2F00B430E9 /* HelloWorld-Prefix.pch */,
			);
			name = "Supporting Files";
			sourceTree = "<group>";
		};
/* End PBXGroup section */

/* Begin PBXNativeTarget section */
		B4CDE7C8158EDF2F00B430E9 /* HelloWorld */ = {
			isa = PBXNativeTarget;
			buildConfigurationList = B4CDE7E7158EDF2F00B430E9 /* Build configuration list for PBXNativeTarget "HelloWorld" */;
			buildPhases = (
				B4CDE7C5158EDF2F00B430E9 /* Sources */,
				B4CDE7C6158EDF2F00B430E9 /* Frameworks */,
				B4CDE7C7158EDF2F00B430E9 /* Resources */,
			);
			buildRules = (
			);
			dependencies = (
			);
			name = HelloWorld;
			productName = HelloWorld;
			productReference = B4CDE7C9158EDF2F00B430E9 /* HelloWorld.app */;
			productType = "com.apple.product-type.application";
		};
/* End PBXNativeTarget section */

/* Begin PBXProject section */
		B4CDE7C0158EDF2F00B430E9 /* Project object */ = {
			isa = PBXProject;
			attributes = {
				LastUpgradeCheck = 0420;
			};
			buildConfigurationList = B4CDE7C3158EDF2F00B430E9 /* Build configuration list for PBXProject "HelloWorld" */;
			compatibilityVersion = "Xcode 3.2";
			developmentRegion = English;
			hasScannedForEncodings = 0;
			knownRegions = (
				en,
			);
			mainGroup = B4CDE7BE158EDF2F00B430E9;
			productRefGroup = B4CDE7CA158EDF2F00B430E9 /* Products */;
			projectDirPath = "";
			projectRoot = "";
			targets = (
				B4CDE7C8158EDF2F00B430E9 /* HelloWorld */,
			);
		};
/* End PBXProject section */

/* Begin PBXResourcesBuildPhase section */
		B4CDE7C7158EDF2F00B430E9 /* Resources */ = {
			isa = PBXResourcesBuildPhase;
			buildActionMask = 2147483647;
			files = (
				B4CDE7D8158EDF2F00B430E9 /* InfoPlist.strings in Resources */,
				B4CDE7E4158EDF2F00B430E9 /* HelloWorldViewController.xib in Resources */,
			);
			runOnlyForDeploymentPostprocessing = 0;
		};
/* End PBXResourcesBuildPhase section */

/* Begin PBXSourcesBuildPhase section */
		B4CDE7C5158EDF2F00B430E9 /* Sources */ = {
			isa = PBXSourcesBuildPhase;
			buildActionMask = 2147483647;
			files = (
				B4CDE7DA158EDF2F00B430E9 /* main.m in Sources */,
				B4CDE7DE158EDF2F00B430E9 /* HelloWorldAppDelegate.m in Sources */,
				B4CDE7E1158EDF2F00B430E9 /* HelloWorldViewController.m in Sources */,
			);
			runOnlyForDeploymentPostprocessing = 0;
		};
/* End PBXSourcesBuildPhase section */

/* Begin PBXVariantGroup section */
		B4CDE7D6158EDF2F00B430E9 /* InfoPlist.strings */ = {
			isa = PBXVariantGroup;
			children = (
				B4CDE7D7158EDF2F00B430E9 /* en */,
			);
			name = InfoPlist.strings;
			sourceTree = "<group>";
		};
		B4CDE7E2158EDF2F00B430E9 /* HelloWorldViewController.xib */ = {
			isa = PBXVariantGroup;
			children = (
				B4CDE7E3158EDF2F00B430E9 /* en */,
			);
			name = HelloWorldViewController.xib;
			sourceTree = "<group>";
		};
/* End PBXVariantGroup section */

/* Begin XCBuildConfiguration section */
		B4CDE7E5158EDF2F00B430E9 /* Debug */ = {
			isa = XCBuildConfiguration;
			buildSettings = {
				ALWAYS_SEARCH_USER_PATHS = NO;
				ARCHS = "$(ARCHS_STANDARD_32_BIT)";
				CLANG_ENABLE_OBJC_ARC = YES;
				"CODE_SIGN_IDENTITY[sdk=iphoneos*]" = "iPhone Developer";
				COPY_PHASE_STRIP = NO;
				GCC_C_LANGUAGE_STANDARD = gnu99;
				GCC_DYNAMIC_NO_PIC = NO;
				GCC_OPTIMIZATION_LEVEL = 0;
				GCC_PREPROCESSOR_DEFINITIONS = (
					"DEBUG=1",
					"$(inherited)",
				);
				GCC_SYMBOLS_PRIVATE_EXTERN = NO;
				GCC_VERSION = com.apple.compilers.llvm.clang.1_0;
				GCC_WARN_ABOUT_MISSING_PROTOTYPES = YES;
				GCC_WARN_ABOUT_RETURN_TYPE = YES;
				GCC_WARN_UNUSED_VARIABLE = YES;
				IPHONEOS_DEPLOYMENT_TARGET = 5.0;
				SDKROOT = iphoneos;
			};
			name = Debug;
		};
		B4CDE7E6158EDF2F00B430E9 /* Release */ = {
			isa = XCBuildConfiguration;
			buildSettings = {
				ALWAYS_SEARCH_USER_PATHS = NO;
				ARCHS = "$(ARCHS_STANDARD_32_BIT)";
				CLANG_ENABLE_OBJC_ARC = YES;
				"CODE_SIGN_IDENTITY[sdk=iphoneos*]" = "iPhone Developer";
				COPY_PHASE_STRIP = YES;
				GCC_C_LANGUAGE_STANDARD = gnu99;
				GCC_VERSION = com.apple.compilers.llvm.clang.1_0;
				GCC_WARN_ABOUT_MISSING_PROTOTYPES = YES;
				GCC_WARN_ABOUT_RETURN_TYPE = YES;
				GCC_WARN_UNUSED_VARIABLE = YES;
				IPHONEOS_DEPLOYMENT_TARGET = 5.0;
				OTHER_CFLAGS = "-DNS_BLOCK_ASSERTIONS=1";
				SDKROOT = iphoneos;
				VALIDATE_PRODUCT = YES;
			};
			name = Release;
		};
		B4CDE7E8158EDF2F00B430E9 /* Debug */ = {
			isa = XCBuildConfiguration;
			buildSettings = {
				GCC_PRECOMPILE_PREFIX_HEADER = YES;
				GCC_PREFIX_HEADER = "HelloWorld/HelloWorld-Prefix.pch";
				INFOPLIST_FILE = "HelloWorld/HelloWorld-Info.plist";
				PRODUCT_NAME = "$(TARGET_NAME)";
				WRAPPER_EXTENSION = app;
			};
			name = Debug;
		};
		B4CDE7E9158EDF2F00B430E9 /* Release */ = {
			isa = XCBuildConfiguration;
			buildSettings = {
				GCC_PRECOMPILE_PREFIX_HEADER = YES;
				GCC_PREFIX_HEADER = "HelloWorld/HelloWorld-Prefix.pch";
				INFOPLIST_FILE = "HelloWorld/HelloWorld-Info.plist";
				PRODUCT_NAME = "$(TARGET_NAME)";
				WRAPPER_EXTENSION = app;
			};
			name = Release;
		};
/* End XCBuildConfiguration section */

/* Begin XCConfigurationList section */
		B4CDE7C3158EDF2F00B430E9 /* Build configuration list for PBXProject "HelloWorld" */ = {
			isa = XCConfigurationList;
			buildConfigurations = (
				B4CDE7E5158EDF2F00B430E9 /* Debug */,
				B4CDE7E6158EDF2F00B430E9 /* Release */,
			);
			defaultConfigurationIsVisible = 0;
			defaultConfigurationName = Release;
		};
		B4CDE7E7158EDF2F00B430E9 /* Build configuration list for PBXNativeTarget "HelloWorld" */ = {
			isa = XCConfigurationList;
			buildConfigurations = (
				B4CDE7E8158EDF2F00B430E9 /* Debug */,
				B4CDE7E9158EDF2F00B430E9 /* Release */,
			);
			defaultConfigurationIsVisible = 0;
		};
/* End XCConfigurationList section */
	};
	rootObject = B4CDE7C0158EDF2F00B430E9 /* Project object */;
}
